// !$*UTF8*$!
{
	archiveVersion = 1;
	classes = {
	};
	objectVersion = 50;
	objects = {

/* Begin PBXBuildFile section */
		C85BA80721B8FF3D005D0B0E /* AppDelegate.swift in Sources */ = {isa = PBXBuildFile; fileRef = C85BA80621B8FF3D005D0B0E /* AppDelegate.swift */; };
		C85BA80921B8FF3D005D0B0E /* ViewController.swift in Sources */ = {isa = PBXBuildFile; fileRef = C85BA80821B8FF3D005D0B0E /* ViewController.swift */; };
		C85BA80C21B8FF3D005D0B0E /* Main.storyboard in Resources */ = {isa = PBXBuildFile; fileRef = C85BA80A21B8FF3D005D0B0E /* Main.storyboard */; };
		C85BA80E21B8FF3F005D0B0E /* Assets.xcassets in Resources */ = {isa = PBXBuildFile; fileRef = C85BA80D21B8FF3F005D0B0E /* Assets.xcassets */; };
		C85BA81121B8FF3F005D0B0E /* LaunchScreen.storyboard in Resources */ = {isa = PBXBuildFile; fileRef = C85BA80F21B8FF3F005D0B0E /* LaunchScreen.storyboard */; };
		C85BA81C21B8FF3F005D0B0E /* InstagramTests.swift in Sources */ = {isa = PBXBuildFile; fileRef = C85BA81B21B8FF3F005D0B0E /* InstagramTests.swift */; };
		C85BA82721B8FF3F005D0B0E /* InstagramUITests.swift in Sources */ = {isa = PBXBuildFile; fileRef = C85BA82621B8FF3F005D0B0E /* InstagramUITests.swift */; };
/* End PBXBuildFile section */

/* Begin PBXContainerItemProxy section */
		C85BA81821B8FF3F005D0B0E /* PBXContainerItemProxy */ = {
			isa = PBXContainerItemProxy;
			containerPortal = C85BA7FB21B8FF3D005D0B0E /* Project object */;
			proxyType = 1;
			remoteGlobalIDString = C85BA80221B8FF3D005D0B0E;
			remoteInfo = Instagram;
		};
		C85BA82321B8FF3F005D0B0E /* PBXContainerItemProxy */ = {
			isa = PBXContainerItemProxy;
			containerPortal = C85BA7FB21B8FF3D005D0B0E /* Project object */;
			proxyType = 1;
			remoteGlobalIDString = C85BA80221B8FF3D005D0B0E;
			remoteInfo = Instagram;
		};
/* End PBXContainerItemProxy section */

/* Begin PBXFileReference section */
		C85BA80321B8FF3D005D0B0E /* Instagram.app */ = {isa = PBXFileReference; explicitFileType = wrapper.application; includeInIndex = 0; path = Instagram.app; sourceTree = BUILT_PRODUCTS_DIR; };
		C85BA80621B8FF3D005D0B0E /* AppDelegate.swift */ = {isa = PBXFileReference; lastKnownFileType = sourcecode.swift; path = AppDelegate.swift; sourceTree = "<group>"; };
		C85BA80821B8FF3D005D0B0E /* ViewController.swift */ = {isa = PBXFileReference; lastKnownFileType = sourcecode.swift; path = ViewController.swift; sourceTree = "<group>"; };
		C85BA80B21B8FF3D005D0B0E /* Base */ = {isa = PBXFileReference; lastKnownFileType = file.storyboard; name = Base; path = Base.lproj/Main.storyboard; sourceTree = "<group>"; };
		C85BA80D21B8FF3F005D0B0E /* Assets.xcassets */ = {isa = PBXFileReference; lastKnownFileType = folder.assetcatalog; path = Assets.xcassets; sourceTree = "<group>"; };
		C85BA81021B8FF3F005D0B0E /* Base */ = {isa = PBXFileReference; lastKnownFileType = file.storyboard; name = Base; path = Base.lproj/LaunchScreen.storyboard; sourceTree = "<group>"; };
		C85BA81221B8FF3F005D0B0E /* Info.plist */ = {isa = PBXFileReference; lastKnownFileType = text.plist.xml; path = Info.plist; sourceTree = "<group>"; };
		C85BA81721B8FF3F005D0B0E /* InstagramTests.xctest */ = {isa = PBXFileReference; explicitFileType = wrapper.cfbundle; includeInIndex = 0; path = InstagramTests.xctest; sourceTree = BUILT_PRODUCTS_DIR; };
		C85BA81B21B8FF3F005D0B0E /* InstagramTests.swift */ = {isa = PBXFileReference; lastKnownFileType = sourcecode.swift; path = InstagramTests.swift; sourceTree = "<group>"; };
		C85BA81D21B8FF3F005D0B0E /* Info.plist */ = {isa = PBXFileReference; lastKnownFileType = text.plist.xml; path = Info.plist; sourceTree = "<group>"; };
		C85BA82221B8FF3F005D0B0E /* InstagramUITests.xctest */ = {isa = PBXFileReference; explicitFileType = wrapper.cfbundle; includeInIndex = 0; path = InstagramUITests.xctest; sourceTree = BUILT_PRODUCTS_DIR; };
		C85BA82621B8FF3F005D0B0E /* InstagramUITests.swift */ = {isa = PBXFileReference; lastKnownFileType = sourcecode.swift; path = InstagramUITests.swift; sourceTree = "<group>"; };
		C85BA82821B8FF3F005D0B0E /* Info.plist */ = {isa = PBXFileReference; lastKnownFileType = text.plist.xml; path = Info.plist; sourceTree = "<group>"; };
/* End PBXFileReference section */

/* Begin PBXFrameworksBuildPhase section */
		C85BA80021B8FF3D005D0B0E /* Frameworks */ = {
			isa = PBXFrameworksBuildPhase;
			buildActionMask = 2147483647;
			files = (
			);
			runOnlyForDeploymentPostprocessing = 0;
		};
		C85BA81421B8FF3F005D0B0E /* Frameworks */ = {
			isa = PBXFrameworksBuildPhase;
			buildActionMask = 2147483647;
			files = (
			);
			runOnlyForDeploymentPostprocessing = 0;
		};
		C85BA81F21B8FF3F005D0B0E /* Frameworks */ = {
			isa = PBXFrameworksBuildPhase;
			buildActionMask = 2147483647;
			files = (
			);
			runOnlyForDeploymentPostprocessing = 0;
		};
/* End PBXFrameworksBuildPhase section */

/* Begin PBXGroup section */
		C85BA7FA21B8FF3D005D0B0E = {
			isa = PBXGroup;
			children = (
				C85BA80521B8FF3D005D0B0E /* Instagram */,
				C85BA81A21B8FF3F005D0B0E /* InstagramTests */,
				C85BA82521B8FF3F005D0B0E /* InstagramUITests */,
				C85BA80421B8FF3D005D0B0E /* Products */,
			);
			sourceTree = "<group>";
		};
		C85BA80421B8FF3D005D0B0E /* Products */ = {
			isa = PBXGroup;
			children = (
				C85BA80321B8FF3D005D0B0E /* Instagram.app */,
				C85BA81721B8FF3F005D0B0E /* InstagramTests.xctest */,
				C85BA82221B8FF3F005D0B0E /* InstagramUITests.xctest */,
			);
			name = Products;
			sourceTree = "<group>";
		};
		C85BA80521B8FF3D005D0B0E /* Instagram */ = {
			isa = PBXGroup;
			children = (
				C85BA80621B8FF3D005D0B0E /* AppDelegate.swift */,
				C85BA80821B8FF3D005D0B0E /* ViewController.swift */,
				C85BA80A21B8FF3D005D0B0E /* Main.storyboard */,
				C85BA80D21B8FF3F005D0B0E /* Assets.xcassets */,
				C85BA80F21B8FF3F005D0B0E /* LaunchScreen.storyboard */,
				C85BA81221B8FF3F005D0B0E /* Info.plist */,
			);
			path = Instagram;
			sourceTree = "<group>";
		};
		C85BA81A21B8FF3F005D0B0E /* InstagramTests */ = {
			isa = PBXGroup;
			children = (
				C85BA81B21B8FF3F005D0B0E /* InstagramTests.swift */,
				C85BA81D21B8FF3F005D0B0E /* Info.plist */,
			);
			path = InstagramTests;
			sourceTree = "<group>";
		};
		C85BA82521B8FF3F005D0B0E /* InstagramUITests */ = {
			isa = PBXGroup;
			children = (
				C85BA82621B8FF3F005D0B0E /* InstagramUITests.swift */,
				C85BA82821B8FF3F005D0B0E /* Info.plist */,
			);
			path = InstagramUITests;
			sourceTree = "<group>";
		};
/* End PBXGroup section */

/* Begin PBXNativeTarget section */
		C85BA80221B8FF3D005D0B0E /* Instagram */ = {
			isa = PBXNativeTarget;
			buildConfigurationList = C85BA82B21B8FF40005D0B0E /* Build configuration list for PBXNativeTarget "Instagram" */;
			buildPhases = (
				C85BA7FF21B8FF3D005D0B0E /* Sources */,
				C85BA80021B8FF3D005D0B0E /* Frameworks */,
				C85BA80121B8FF3D005D0B0E /* Resources */,
			);
			buildRules = (
			);
			dependencies = (
			);
			name = Instagram;
			productName = Instagram;
			productReference = C85BA80321B8FF3D005D0B0E /* Instagram.app */;
			productType = "com.apple.product-type.application";
		};
		C85BA81621B8FF3F005D0B0E /* InstagramTests */ = {
			isa = PBXNativeTarget;
			buildConfigurationList = C85BA82E21B8FF40005D0B0E /* Build configuration list for PBXNativeTarget "InstagramTests" */;
			buildPhases = (
				C85BA81321B8FF3F005D0B0E /* Sources */,
				C85BA81421B8FF3F005D0B0E /* Frameworks */,
				C85BA81521B8FF3F005D0B0E /* Resources */,
			);
			buildRules = (
			);
			dependencies = (
				C85BA81921B8FF3F005D0B0E /* PBXTargetDependency */,
			);
			name = InstagramTests;
			productName = InstagramTests;
			productReference = C85BA81721B8FF3F005D0B0E /* InstagramTests.xctest */;
			productType = "com.apple.product-type.bundle.unit-test";
		};
		C85BA82121B8FF3F005D0B0E /* InstagramUITests */ = {
			isa = PBXNativeTarget;
			buildConfigurationList = C85BA83121B8FF40005D0B0E /* Build configuration list for PBXNativeTarget "InstagramUITests" */;
			buildPhases = (
				C85BA81E21B8FF3F005D0B0E /* Sources */,
				C85BA81F21B8FF3F005D0B0E /* Frameworks */,
				C85BA82021B8FF3F005D0B0E /* Resources */,
			);
			buildRules = (
			);
			dependencies = (
				C85BA82421B8FF3F005D0B0E /* PBXTargetDependency */,
			);
			name = InstagramUITests;
			productName = InstagramUITests;
			productReference = C85BA82221B8FF3F005D0B0E /* InstagramUITests.xctest */;
			productType = "com.apple.product-type.bundle.ui-testing";
		};
/* End PBXNativeTarget section */

/* Begin PBXProject section */
		C85BA7FB21B8FF3D005D0B0E /* Project object */ = {
			isa = PBXProject;
			attributes = {
				LastSwiftUpdateCheck = 1010;
				LastUpgradeCheck = 1010;
				ORGANIZATIONNAME = "Stephon Fonrose";
				TargetAttributes = {
					C85BA80221B8FF3D005D0B0E = {
						CreatedOnToolsVersion = 10.1;
					};
					C85BA81621B8FF3F005D0B0E = {
						CreatedOnToolsVersion = 10.1;
						TestTargetID = C85BA80221B8FF3D005D0B0E;
					};
					C85BA82121B8FF3F005D0B0E = {
						CreatedOnToolsVersion = 10.1;
						TestTargetID = C85BA80221B8FF3D005D0B0E;
					};
				};
			};
			buildConfigurationList = C85BA7FE21B8FF3D005D0B0E /* Build configuration list for PBXProject "Instagram" */;
			compatibilityVersion = "Xcode 9.3";
			developmentRegion = en;
			hasScannedForEncodings = 0;
			knownRegions = (
				en,
				Base,
			);
			mainGroup = C85BA7FA21B8FF3D005D0B0E;
			productRefGroup = C85BA80421B8FF3D005D0B0E /* Products */;
			projectDirPath = "";
			projectRoot = "";
			targets = (
				C85BA80221B8FF3D005D0B0E /* Instagram */,
				C85BA81621B8FF3F005D0B0E /* InstagramTests */,
				C85BA82121B8FF3F005D0B0E /* InstagramUITests */,
			);
		};
/* End PBXProject section */

/* Begin PBXResourcesBuildPhase section */
		C85BA80121B8FF3D005D0B0E /* Resources */ = {
			isa = PBXResourcesBuildPhase;
			buildActionMask = 2147483647;
			files = (
				C85BA81121B8FF3F005D0B0E /* LaunchScreen.storyboard in Resources */,
				C85BA80E21B8FF3F005D0B0E /* Assets.xcassets in Resources */,
				C85BA80C21B8FF3D005D0B0E /* Main.storyboard in Resources */,
			);
			runOnlyForDeploymentPostprocessing = 0;
		};
		C85BA81521B8FF3F005D0B0E /* Resources */ = {
			isa = PBXResourcesBuildPhase;
			buildActionMask = 2147483647;
			files = (
			);
			runOnlyForDeploymentPostprocessing = 0;
		};
		C85BA82021B8FF3F005D0B0E /* Resources */ = {
			isa = PBXResourcesBuildPhase;
			buildActionMask = 2147483647;
			files = (
			);
			runOnlyForDeploymentPostprocessing = 0;
		};
/* End PBXResourcesBuildPhase section */

/* Begin PBXSourcesBuildPhase section */
		C85BA7FF21B8FF3D005D0B0E /* Sources */ = {
			isa = PBXSourcesBuildPhase;
			buildActionMask = 2147483647;
			files = (
				C85BA80921B8FF3D005D0B0E /* ViewController.swift in Sources */,
				C85BA80721B8FF3D005D0B0E /* AppDelegate.swift in Sources */,
			);
			runOnlyForDeploymentPostprocessing = 0;
		};
		C85BA81321B8FF3F005D0B0E /* Sources */ = {
			isa = PBXSourcesBuildPhase;
			buildActionMask = 2147483647;
			files = (
				C85BA81C21B8FF3F005D0B0E /* InstagramTests.swift in Sources */,
			);
			runOnlyForDeploymentPostprocessing = 0;
		};
		C85BA81E21B8FF3F005D0B0E /* Sources */ = {
			isa = PBXSourcesBuildPhase;
			buildActionMask = 2147483647;
			files = (
				C85BA82721B8FF3F005D0B0E /* InstagramUITests.swift in Sources */,
			);
			runOnlyForDeploymentPostprocessing = 0;
		};
/* End PBXSourcesBuildPhase section */

/* Begin PBXTargetDependency section */
		C85BA81921B8FF3F005D0B0E /* PBXTargetDependency */ = {
			isa = PBXTargetDependency;
			target = C85BA80221B8FF3D005D0B0E /* Instagram */;
			targetProxy = C85BA81821B8FF3F005D0B0E /* PBXContainerItemProxy */;
		};
		C85BA82421B8FF3F005D0B0E /* PBXTargetDependency */ = {
			isa = PBXTargetDependency;
			target = C85BA80221B8FF3D005D0B0E /* Instagram */;
			targetProxy = C85BA82321B8FF3F005D0B0E /* PBXContainerItemProxy */;
		};
/* End PBXTargetDependency section */

/* Begin PBXVariantGroup section */
		C85BA80A21B8FF3D005D0B0E /* Main.storyboard */ = {
			isa = PBXVariantGroup;
			children = (
				C85BA80B21B8FF3D005D0B0E /* Base */,
			);
			name = Main.storyboard;
			sourceTree = "<group>";
		};
		C85BA80F21B8FF3F005D0B0E /* LaunchScreen.storyboard */ = {
			isa = PBXVariantGroup;
			children = (
				C85BA81021B8FF3F005D0B0E /* Base */,
			);
			name = LaunchScreen.storyboard;
			sourceTree = "<group>";
		};
/* End PBXVariantGroup section */

/* Begin XCBuildConfiguration section */
		C85BA82921B8FF40005D0B0E /* Debug */ = {
			isa = XCBuildConfiguration;
			buildSettings = {
				ALWAYS_SEARCH_USER_PATHS = NO;
				CLANG_ANALYZER_NONNULL = YES;
				CLANG_ANALYZER_NUMBER_OBJECT_CONVERSION = YES_AGGRESSIVE;
				CLANG_CXX_LANGUAGE_STANDARD = "gnu++14";
				CLANG_CXX_LIBRARY = "libc++";
				CLANG_ENABLE_MODULES = YES;
				CLANG_ENABLE_OBJC_ARC = YES;
				CLANG_ENABLE_OBJC_WEAK = YES;
				CLANG_WARN_BLOCK_CAPTURE_AUTORELEASING = YES;
				CLANG_WARN_BOOL_CONVERSION = YES;
				CLANG_WARN_COMMA = YES;
				CLANG_WARN_CONSTANT_CONVERSION = YES;
				CLANG_WARN_DEPRECATED_OBJC_IMPLEMENTATIONS = YES;
				CLANG_WARN_DIRECT_OBJC_ISA_USAGE = YES_ERROR;
				CLANG_WARN_DOCUMENTATION_COMMENTS = YES;
				CLANG_WARN_EMPTY_BODY = YES;
				CLANG_WARN_ENUM_CONVERSION = YES;
				CLANG_WARN_INFINITE_RECURSION = YES;
				CLANG_WARN_INT_CONVERSION = YES;
				CLANG_WARN_NON_LITERAL_NULL_CONVERSION = YES;
				CLANG_WARN_OBJC_IMPLICIT_RETAIN_SELF = YES;
				CLANG_WARN_OBJC_LITERAL_CONVERSION = YES;
				CLANG_WARN_OBJC_ROOT_CLASS = YES_ERROR;
				CLANG_WARN_RANGE_LOOP_ANALYSIS = YES;
				CLANG_WARN_STRICT_PROTOTYPES = YES;
				CLANG_WARN_SUSPICIOUS_MOVE = YES;
				CLANG_WARN_UNGUARDED_AVAILABILITY = YES_AGGRESSIVE;
				CLANG_WARN_UNREACHABLE_CODE = YES;
				CLANG_WARN__DUPLICATE_METHOD_MATCH = YES;
				CODE_SIGN_IDENTITY = "iPhone Developer";
				COPY_PHASE_STRIP = NO;
				DEBUG_INFORMATION_FORMAT = dwarf;
				ENABLE_STRICT_OBJC_MSGSEND = YES;
				ENABLE_TESTABILITY = YES;
				GCC_C_LANGUAGE_STANDARD = gnu11;
				GCC_DYNAMIC_NO_PIC = NO;
				GCC_NO_COMMON_BLOCKS = YES;
				GCC_OPTIMIZATION_LEVEL = 0;
				GCC_PREPROCESSOR_DEFINITIONS = (
					"DEBUG=1",
					"$(inherited)",
				);
				GCC_WARN_64_TO_32_BIT_CONVERSION = YES;
				GCC_WARN_ABOUT_RETURN_TYPE = YES_ERROR;
				GCC_WARN_UNDECLARED_SELECTOR = YES;
				GCC_WARN_UNINITIALIZED_AUTOS = YES_AGGRESSIVE;
				GCC_WARN_UNUSED_FUNCTION = YES;
				GCC_WARN_UNUSED_VARIABLE = YES;
				IPHONEOS_DEPLOYMENT_TARGET = 12.1;
				MTL_ENABLE_DEBUG_INFO = INCLUDE_SOURCE;
				MTL_FAST_MATH = YES;
				ONLY_ACTIVE_ARCH = YES;
				SDKROOT = iphoneos;
				SWIFT_ACTIVE_COMPILATION_CONDITIONS = DEBUG;
				SWIFT_OPTIMIZATION_LEVEL = "-Onone";
			};
			name = Debug;
		};
		C85BA82A21B8FF40005D0B0E /* Release */ = {
			isa = XCBuildConfiguration;
			buildSettings = {
				ALWAYS_SEARCH_USER_PATHS = NO;
				CLANG_ANALYZER_NONNULL = YES;
				CLANG_ANALYZER_NUMBER_OBJECT_CONVERSION = YES_AGGRESSIVE;
				CLANG_CXX_LANGUAGE_STANDARD = "gnu++14";
				CLANG_CXX_LIBRARY = "libc++";
				CLANG_ENABLE_MODULES = YES;
				CLANG_ENABLE_OBJC_ARC = YES;
				CLANG_ENABLE_OBJC_WEAK = YES;
				CLANG_WARN_BLOCK_CAPTURE_AUTORELEASING = YES;
				CLANG_WARN_BOOL_CONVERSION = YES;
				CLANG_WARN_COMMA = YES;
				CLANG_WARN_CONSTANT_CONVERSION = YES;
				CLANG_WARN_DEPRECATED_OBJC_IMPLEMENTATIONS = YES;
				CLANG_WARN_DIRECT_OBJC_ISA_USAGE = YES_ERROR;
				CLANG_WARN_DOCUMENTATION_COMMENTS = YES;
				CLANG_WARN_EMPTY_BODY = YES;
				CLANG_WARN_ENUM_CONVERSION = YES;
				CLANG_WARN_INFINITE_RECURSION = YES;
				CLANG_WARN_INT_CONVERSION = YES;
				CLANG_WARN_NON_LITERAL_NULL_CONVERSION = YES;
				CLANG_WARN_OBJC_IMPLICIT_RETAIN_SELF = YES;
				CLANG_WARN_OBJC_LITERAL_CONVERSION = YES;
				CLANG_WARN_OBJC_ROOT_CLASS = YES_ERROR;
				CLANG_WARN_RANGE_LOOP_ANALYSIS = YES;
				CLANG_WARN_STRICT_PROTOTYPES = YES;
				CLANG_WARN_SUSPICIOUS_MOVE = YES;
				CLANG_WARN_UNGUARDED_AVAILABILITY = YES_AGGRESSIVE;
				CLANG_WARN_UNREACHABLE_CODE = YES;
				CLANG_WARN__DUPLICATE_METHOD_MATCH = YES;
				CODE_SIGN_IDENTITY = "iPhone Developer";
				COPY_PHASE_STRIP = NO;
				DEBUG_INFORMATION_FORMAT = "dwarf-with-dsym";
				ENABLE_NS_ASSERTIONS = NO;
				ENABLE_STRICT_OBJC_MSGSEND = YES;
				GCC_C_LANGUAGE_STANDARD = gnu11;
				GCC_NO_COMMON_BLOCKS = YES;
				GCC_WARN_64_TO_32_BIT_CONVERSION = YES;
				GCC_WARN_ABOUT_RETURN_TYPE = YES_ERROR;
				GCC_WARN_UNDECLARED_SELECTOR = YES;
				GCC_WARN_UNINITIALIZED_AUTOS = YES_AGGRESSIVE;
				GCC_WARN_UNUSED_FUNCTION = YES;
				GCC_WARN_UNUSED_VARIABLE = YES;
				IPHONEOS_DEPLOYMENT_TARGET = 12.1;
				MTL_ENABLE_DEBUG_INFO = NO;
				MTL_FAST_MATH = YES;
				SDKROOT = iphoneos;
				SWIFT_COMPILATION_MODE = wholemodule;
				SWIFT_OPTIMIZATION_LEVEL = "-O";
				VALIDATE_PRODUCT = YES;
			};
			name = Release;
		};
		C85BA82C21B8FF40005D0B0E /* Debug */ = {
			isa = XCBuildConfiguration;
			buildSettings = {
				ASSETCATALOG_COMPILER_APPICON_NAME = AppIcon;
				CODE_SIGN_STYLE = Automatic;
				INFOPLIST_FILE = Instagram/Info.plist;
				LD_RUNPATH_SEARCH_PATHS = (
					"$(inherited)",
					"@executable_path/Frameworks",
				);
				PRODUCT_BUNDLE_IDENTIFIER = CodePath.Instagram;
				PRODUCT_NAME = "$(TARGET_NAME)";
				SWIFT_VERSION = 4.2;
				TARGETED_DEVICE_FAMILY = "1,2";
			};
			name = Debug;
		};
		C85BA82D21B8FF40005D0B0E /* Release */ = {
			isa = XCBuildConfiguration;
			buildSettings = {
				ASSETCATALOG_COMPILER_APPICON_NAME = AppIcon;
				CODE_SIGN_STYLE = Automatic;
				INFOPLIST_FILE = Instagram/Info.plist;
				LD_RUNPATH_SEARCH_PATHS = (
					"$(inherited)",
					"@executable_path/Frameworks",
				);
				PRODUCT_BUNDLE_IDENTIFIER = CodePath.Instagram;
				PRODUCT_NAME = "$(TARGET_NAME)";
				SWIFT_VERSION = 4.2;
				TARGETED_DEVICE_FAMILY = "1,2";
			};
			name = Release;
		};
		C85BA82F21B8FF40005D0B0E /* Debug */ = {
			isa = XCBuildConfiguration;
			buildSettings = {
				ALWAYS_EMBED_SWIFT_STANDARD_LIBRARIES = YES;
				BUNDLE_LOADER = "$(TEST_HOST)";
				CODE_SIGN_STYLE = Automatic;
				INFOPLIST_FILE = InstagramTests/Info.plist;
				LD_RUNPATH_SEARCH_PATHS = (
					"$(inherited)",
					"@executable_path/Frameworks",
					"@loader_path/Frameworks",
				);
				PRODUCT_BUNDLE_IDENTIFIER = CodePath.InstagramTests;
				PRODUCT_NAME = "$(TARGET_NAME)";
				SWIFT_VERSION = 4.2;
				TARGETED_DEVICE_FAMILY = "1,2";
				TEST_HOST = "$(BUILT_PRODUCTS_DIR)/Instagram.app/Instagram";
			};
			name = Debug;
		};
		C85BA83021B8FF40005D0B0E /* Release */ = {
			isa = XCBuildConfiguration;
			buildSettings = {
				ALWAYS_EMBED_SWIFT_STANDARD_LIBRARIES = YES;
				BUNDLE_LOADER = "$(TEST_HOST)";
				CODE_SIGN_STYLE = Automatic;
				INFOPLIST_FILE = InstagramTests/Info.plist;
				LD_RUNPATH_SEARCH_PATHS = (
					"$(inherited)",
					"@executable_path/Frameworks",
					"@loader_path/Frameworks",
				);
				PRODUCT_BUNDLE_IDENTIFIER = CodePath.InstagramTests;
				PRODUCT_NAME = "$(TARGET_NAME)";
				SWIFT_VERSION = 4.2;
				TARGETED_DEVICE_FAMILY = "1,2";
				TEST_HOST = "$(BUILT_PRODUCTS_DIR)/Instagram.app/Instagram";
			};
			name = Release;
		};
		C85BA83221B8FF40005D0B0E /* Debug */ = {
			isa = XCBuildConfiguration;
			buildSettings = {
				ALWAYS_EMBED_SWIFT_STANDARD_LIBRARIES = YES;
				CODE_SIGN_STYLE = Automatic;
				INFOPLIST_FILE = InstagramUITests/Info.plist;
				LD_RUNPATH_SEARCH_PATHS = (
					"$(inherited)",
					"@executable_path/Frameworks",
					"@loader_path/Frameworks",
				);
				PRODUCT_BUNDLE_IDENTIFIER = CodePath.InstagramUITests;
				PRODUCT_NAME = "$(TARGET_NAME)";
				SWIFT_VERSION = 4.2;
				TARGETED_DEVICE_FAMILY = "1,2";
				TEST_TARGET_NAME = Instagram;
			};
			name = Debug;
		};
		C85BA83321B8FF40005D0B0E /* Release */ = {
			isa = XCBuildConfiguration;
			buildSettings = {
				ALWAYS_EMBED_SWIFT_STANDARD_LIBRARIES = YES;
				CODE_SIGN_STYLE = Automatic;
				INFOPLIST_FILE = InstagramUITests/Info.plist;
				LD_RUNPATH_SEARCH_PATHS = (
					"$(inherited)",
					"@executable_path/Frameworks",
					"@loader_path/Frameworks",
				);
				PRODUCT_BUNDLE_IDENTIFIER = CodePath.InstagramUITests;
				PRODUCT_NAME = "$(TARGET_NAME)";
				SWIFT_VERSION = 4.2;
				TARGETED_DEVICE_FAMILY = "1,2";
				TEST_TARGET_NAME = Instagram;
			};
			name = Release;
		};
/* End XCBuildConfiguration section */

/* Begin XCConfigurationList section */
		C85BA7FE21B8FF3D005D0B0E /* Build configuration list for PBXProject "Instagram" */ = {
			isa = XCConfigurationList;
			buildConfigurations = (
				C85BA82921B8FF40005D0B0E /* Debug */,
				C85BA82A21B8FF40005D0B0E /* Release */,
			);
			defaultConfigurationIsVisible = 0;
			defaultConfigurationName = Release;
		};
		C85BA82B21B8FF40005D0B0E /* Build configuration list for PBXNativeTarget "Instagram" */ = {
			isa = XCConfigurationList;
			buildConfigurations = (
				C85BA82C21B8FF40005D0B0E /* Debug */,
				C85BA82D21B8FF40005D0B0E /* Release */,
			);
			defaultConfigurationIsVisible = 0;
			defaultConfigurationName = Release;
		};
		C85BA82E21B8FF40005D0B0E /* Build configuration list for PBXNativeTarget "InstagramTests" */ = {
			isa = XCConfigurationList;
			buildConfigurations = (
				C85BA82F21B8FF40005D0B0E /* Debug */,
				C85BA83021B8FF40005D0B0E /* Release */,
			);
			defaultConfigurationIsVisible = 0;
			defaultConfigurationName = Release;
		};
		C85BA83121B8FF40005D0B0E /* Build configuration list for PBXNativeTarget "InstagramUITests" */ = {
			isa = XCConfigurationList;
			buildConfigurations = (
				C85BA83221B8FF40005D0B0E /* Debug */,
				C85BA83321B8FF40005D0B0E /* Release */,
			);
			defaultConfigurationIsVisible = 0;
			defaultConfigurationName = Release;
		};
/* End XCConfigurationList section */
	};
	rootObject = C85BA7FB21B8FF3D005D0B0E /* Project object */;
}
